
Microsoft Visual Studio Solution File, Format Version 12.00
# Visual Studio Version 17
VisualStudioVersion = 17.9.34607.119
MinimumVisualStudioVersion = 10.0.40219.1
Project("{888888A0-9F3D-457C-B088-3A5042F75D52}") = "test_ai_w", "test_ai_w\test_ai_w.pyproj", "{23EDF8D5-5AB8-4102-876A-9E5450093DB5}"
EndProject
Global
	GlobalSection(SolutionConfigurationPlatforms) = preSolution
		Debug|Any CPU = Debug|Any CPU
		Release|Any CPU = Release|Any CPU
	EndGlobalSection
	GlobalSection(ProjectConfigurationPlatforms) = postSolution
		{23EDF8D5-5AB8-4102-876A-9E5450093DB5}.Debug|Any CPU.ActiveCfg = Debug|Any CPU
		{23EDF8D5-5AB8-4102-876A-9E5450093DB5}.Release|Any CPU.ActiveCfg = Release|Any CPU
	EndGlobalSection
	GlobalSection(SolutionProperties) = preSolution
		HideSolutionNode = FALSE
	EndGlobalSection
	GlobalSection(ExtensibilityGlobals) = postSolution
		SolutionGuid = {7665FF5B-A7BC-41A1-AE51-3B3F49C2E0A7}
	EndGlobalSection
EndGlobal
